
Microsoft Visual Studio Solution File, Format Version 12.00
# Visual Studio Express 2012 for Web
Project("{E24C65DC-7377-472B-9ABA-BC803B73C61A}") = "ProfileList", "http://localhost:53701", "{EEC8B451-7202-499F-8626-01082346079C}"
	ProjectSection(WebsiteProperties) = preProject
		UseIISExpress = "true"
		TargetFrameworkMoniker = ".NETFramework,Version%3Dv4.5"
		Debug.AspNetCompiler.VirtualPath = "/localhost_53701"
		Debug.AspNetCompiler.PhysicalPath = "..\..\..\..\..\..\Projects\AngularJS\ProfileList\"
		Debug.AspNetCompiler.TargetPath = "PrecompiledWeb\localhost_53701\"
		Debug.AspNetCompiler.Updateable = "true"
		Debug.AspNetCompiler.ForceOverwrite = "true"
		Debug.AspNetCompiler.FixedNames = "false"
		Debug.AspNetCompiler.Debug = "True"
		Release.AspNetCompiler.VirtualPath = "/localhost_53701"
		Release.AspNetCompiler.PhysicalPath = "..\..\..\..\..\..\Projects\AngularJS\ProfileList\"
		Release.AspNetCompiler.TargetPath = "PrecompiledWeb\localhost_53701\"
		Release.AspNetCompiler.Updateable = "true"
		Release.AspNetCompiler.ForceOverwrite = "true"
		Release.AspNetCompiler.FixedNames = "false"
		Release.AspNetCompiler.Debug = "False"
		SlnRelativePath = "..\..\..\..\..\..\Projects\AngularJS\ProfileList\"
		DefaultWebSiteLanguage = "Visual C#"
	EndProjectSection
EndProject
Global
	GlobalSection(SolutionConfigurationPlatforms) = preSolution
		Debug|Any CPU = Debug|Any CPU
	EndGlobalSection
	GlobalSection(ProjectConfigurationPlatforms) = postSolution
		{EEC8B451-7202-499F-8626-01082346079C}.Debug|Any CPU.ActiveCfg = Debug|Any CPU
		{EEC8B451-7202-499F-8626-01082346079C}.Debug|Any CPU.Build.0 = Debug|Any CPU
	EndGlobalSection
	GlobalSection(SolutionProperties) = preSolution
		HideSolutionNode = FALSE
	EndGlobalSection
EndGlobal
